
Microsoft Visual Studio Solution File, Format Version 12.00
# Visual Studio Version 17
VisualStudioVersion = 17.0.31903.59
MinimumVisualStudioVersion = 10.0.40219.1
Project("{2150E333-8FDC-42A3-9474-1A3956D46DE8}") = "src", "src", "{C06FF559-E706-4273-9280-829CA592CAEB}"
EndProject
Project("{FAE04EC0-301F-11D3-BF4B-00C04F79EFBC}") = "CCZen.Engine", "src\CCZen.Engine\CCZen.Engine.csproj", "{E28FA3CB-9C6B-4CCA-8A57-DECA46D66405}"
EndProject
Project("{FAE04EC0-301F-11D3-BF4B-00C04F79EFBC}") = "CCZen.Cli", "src\CCZen.Cli\CCZen.Cli.csproj", "{989E75C0-D867-42E7-BC92-1D3889DF9A65}"
EndProject
Project("{2150E333-8FDC-42A3-9474-1A3956D46DE8}") = "tests", "tests", "{35F141D2-1A02-4036-A01A-EED123C914CE}"
EndProject
Project("{FAE04EC0-301F-11D3-BF4B-00C04F79EFBC}") = "CCZen.Engine.Tests", "tests\CCZen.Engine.Tests\CCZen.Engine.Tests.csproj", "{3C6FC713-E670-4C1E-869C-16805C8AE1FD}"
EndProject
Project("{FAE04EC0-301F-11D3-BF4B-00C04F79EFBC}") = "CCZen.Service", "src\CCZen.Service\CCZen.Service.csproj", "{1EF6F817-D1C5-498E-B097-B4B73DE64B6A}"
EndProject
Project("{FAE04EC0-301F-11D3-BF4B-00C04F79EFBC}") = "CCZen.App", "src\CCZen.App\CCZen.App.csproj", "{E374A68B-78A5-45CE-B8FB-34F42C876320}"
EndProject
Global
	GlobalSection(SolutionConfigurationPlatforms) = preSolution
		Debug|Any CPU = Debug|Any CPU
		Release|Any CPU = Release|Any CPU
	EndGlobalSection
	GlobalSection(SolutionProperties) = preSolution
		HideSolutionNode = FALSE
	EndGlobalSection
	GlobalSection(ProjectConfigurationPlatforms) = postSolution
		{E28FA3CB-9C6B-4CCA-8A57-DECA46D66405}.Debug|Any CPU.ActiveCfg = Debug|Any CPU
		{E28FA3CB-9C6B-4CCA-8A57-DECA46D66405}.Debug|Any CPU.Build.0 = Debug|Any CPU
		{E28FA3CB-9C6B-4CCA-8A57-DECA46D66405}.Release|Any CPU.ActiveCfg = Release|Any CPU
		{E28FA3CB-9C6B-4CCA-8A57-DECA46D66405}.Release|Any CPU.Build.0 = Release|Any CPU
		{989E75C0-D867-42E7-BC92-1D3889DF9A65}.Debug|Any CPU.ActiveCfg = Debug|Any CPU
		{989E75C0-D867-42E7-BC92-1D3889DF9A65}.Debug|Any CPU.Build.0 = Debug|Any CPU
		{989E75C0-D867-42E7-BC92-1D3889DF9A65}.Release|Any CPU.ActiveCfg = Release|Any CPU
		{989E75C0-D867-42E7-BC92-1D3889DF9A65}.Release|Any CPU.Build.0 = Release|Any CPU
		{3C6FC713-E670-4C1E-869C-16805C8AE1FD}.Debug|Any CPU.ActiveCfg = Debug|Any CPU
		{3C6FC713-E670-4C1E-869C-16805C8AE1FD}.Debug|Any CPU.Build.0 = Debug|Any CPU
		{3C6FC713-E670-4C1E-869C-16805C8AE1FD}.Release|Any CPU.ActiveCfg = Release|Any CPU
		{3C6FC713-E670-4C1E-869C-16805C8AE1FD}.Release|Any CPU.Build.0 = Release|Any CPU
		{1EF6F817-D1C5-498E-B097-B4B73DE64B6A}.Debug|Any CPU.ActiveCfg = Debug|Any CPU
		{1EF6F817-D1C5-498E-B097-B4B73DE64B6A}.Debug|Any CPU.Build.0 = Debug|Any CPU
		{1EF6F817-D1C5-498E-B097-B4B73DE64B6A}.Release|Any CPU.ActiveCfg = Release|Any CPU
		{1EF6F817-D1C5-498E-B097-B4B73DE64B6A}.Release|Any CPU.Build.0 = Release|Any CPU
		{E374A68B-78A5-45CE-B8FB-34F42C876320}.Debug|Any CPU.ActiveCfg = Debug|x64
		{E374A68B-78A5-45CE-B8FB-34F42C876320}.Debug|Any CPU.Build.0 = Debug|x64
		{E374A68B-78A5-45CE-B8FB-34F42C876320}.Release|Any CPU.ActiveCfg = Release|x64
		{E374A68B-78A5-45CE-B8FB-34F42C876320}.Release|Any CPU.Build.0 = Release|x64
	EndGlobalSection
	GlobalSection(NestedProjects) = preSolution
		{E28FA3CB-9C6B-4CCA-8A57-DECA46D66405} = {C06FF559-E706-4273-9280-829CA592CAEB}
		{989E75C0-D867-42E7-BC92-1D3889DF9A65} = {C06FF559-E706-4273-9280-829CA592CAEB}
		{3C6FC713-E670-4C1E-869C-16805C8AE1FD} = {35F141D2-1A02-4036-A01A-EED123C914CE}
		{1EF6F817-D1C5-498E-B097-B4B73DE64B6A} = {C06FF559-E706-4273-9280-829CA592CAEB}
		{E374A68B-78A5-45CE-B8FB-34F42C876320} = {C06FF559-E706-4273-9280-829CA592CAEB}
	EndGlobalSection
EndGlobal
